
Microsoft Visual Studio Solution File, Format Version 12.00
# Visual Studio Version 17
VisualStudioVersion = 17.5.33516.290
MinimumVisualStudioVersion = 10.0.40219.1
Project("{FAE04EC0-301F-11D3-BF4B-00C04F79EFBC}") = "Vaporous", "Vaporous.csproj", "{83794328-31F7-489F-8213-7F47F86453AB}"
EndProject
Global
	GlobalSection(SolutionConfigurationPlatforms) = preSolution
		Debug|Any CPU = Debug|Any CPU
		Release|Any CPU = Release|Any CPU
	EndGlobalSection
	GlobalSection(ProjectConfigurationPlatforms) = postSolution
		{83794328-31F7-489F-8213-7F47F86453AB}.Debug|Any CPU.ActiveCfg = Debug|Any CPU
		{83794328-31F7-489F-8213-7F47F86453AB}.Debug|Any CPU.Build.0 = Debug|Any CPU
		{83794328-31F7-489F-8213-7F47F86453AB}.Release|Any CPU.ActiveCfg = Release|Any CPU
		{83794328-31F7-489F-8213-7F47F86453AB}.Release|Any CPU.Build.0 = Release|Any CPU
	EndGlobalSection
	GlobalSection(SolutionProperties) = preSolution
		HideSolutionNode = FALSE
	EndGlobalSection
	GlobalSection(ExtensibilityGlobals) = postSolution
		SolutionGuid = {849FD42A-C1C9-4A4C-B6B3-038CB7B998DC}
	EndGlobalSection
EndGlobal
